// !$*UTF8*$!
{
	archiveVersion = 1;
	classes = {
	};
	objectVersion = 50;
	objects = {

/* Begin PBXBuildFile section */
		D23C668022A04C82003012DC /* AppDelegate.swift in Sources */ = {isa = PBXBuildFile; fileRef = D23C667F22A04C82003012DC /* AppDelegate.swift */; };
		D23C668722A04C82003012DC /* Assets.xcassets in Resources */ = {isa = PBXBuildFile; fileRef = D23C668622A04C82003012DC /* Assets.xcassets */; };
		D23C669922A04D91003012DC /* Main.storyboard in Resources */ = {isa = PBXBuildFile; fileRef = D23C669722A04D91003012DC /* Main.storyboard */; };
		D23C669A22A04D91003012DC /* Detail.storyboard in Resources */ = {isa = PBXBuildFile; fileRef = D23C669822A04D91003012DC /* Detail.storyboard */; };
		D23C669C22A04D97003012DC /* SomeButton.swift in Sources */ = {isa = PBXBuildFile; fileRef = D23C669B22A04D97003012DC /* SomeButton.swift */; };
		D23C669E22A04D9D003012DC /* LaunchScreen.storyboard in Resources */ = {isa = PBXBuildFile; fileRef = D23C669D22A04D9D003012DC /* LaunchScreen.storyboard */; };
		D23EA8D122A653B8003C197F /* SomeView.xib in Resources */ = {isa = PBXBuildFile; fileRef = D23EA8D022A653B8003C197F /* SomeView.xib */; };
		D23EA8D322A653C7003C197F /* SomeView.swift in Sources */ = {isa = PBXBuildFile; fileRef = D23EA8D222A653C7003C197F /* SomeView.swift */; };
		D2C613FD22AEE32D00AED82D /* TimerNavigationBarBehavior.swift in Sources */ = {isa = PBXBuildFile; fileRef = D2C613FC22AEE32D00AED82D /* TimerNavigationBarBehavior.swift */; };
		D2C613FF22AEE35E00AED82D /* BackgroundColorNavigationBarBehavior.swift in Sources */ = {isa = PBXBuildFile; fileRef = D2C613FE22AEE35E00AED82D /* BackgroundColorNavigationBarBehavior.swift */; };
		D2C6140122AEE36900AED82D /* StatusBarStyleNavigationBarBehavior.swift in Sources */ = {isa = PBXBuildFile; fileRef = D2C6140022AEE36900AED82D /* StatusBarStyleNavigationBarBehavior.swift */; };
		D2C6140422AEE3EE00AED82D /* StatusBarConfigurable.swift in Sources */ = {isa = PBXBuildFile; fileRef = D2C6140322AEE3EE00AED82D /* StatusBarConfigurable.swift */; };
		D2DFC29422A835F90002F074 /* BenchmarkController.swift in Sources */ = {isa = PBXBuildFile; fileRef = D2DFC29322A835F90002F074 /* BenchmarkController.swift */; };
		D2DFC29722A836510002F074 /* ViewControllerLifecycleBehavior.swift in Sources */ = {isa = PBXBuildFile; fileRef = D2DFC29622A836510002F074 /* ViewControllerLifecycleBehavior.swift */; };
		D2DFC29922A838C50002F074 /* ProfileController.swift in Sources */ = {isa = PBXBuildFile; fileRef = D2DFC29822A838C50002F074 /* ProfileController.swift */; };
		D2DFC29B22A83BF80002F074 /* Feed3Controller.swift in Sources */ = {isa = PBXBuildFile; fileRef = D2DFC29A22A83BF80002F074 /* Feed3Controller.swift */; };
		D2DFC2A122A848670002F074 /* UISplitViewController+.swift in Sources */ = {isa = PBXBuildFile; fileRef = D2DFC2A022A848670002F074 /* UISplitViewController+.swift */; };
		D2DFC2A322A848740002F074 /* UINavigationController+.swift in Sources */ = {isa = PBXBuildFile; fileRef = D2DFC2A222A848740002F074 /* UINavigationController+.swift */; };
/* End PBXBuildFile section */

/* Begin PBXFileReference section */
		D23C667C22A04C82003012DC /* Otus.app */ = {isa = PBXFileReference; explicitFileType = wrapper.application; includeInIndex = 0; path = Otus.app; sourceTree = BUILT_PRODUCTS_DIR; };
		D23C667F22A04C82003012DC /* AppDelegate.swift */ = {isa = PBXFileReference; lastKnownFileType = sourcecode.swift; path = AppDelegate.swift; sourceTree = "<group>"; };
		D23C668622A04C82003012DC /* Assets.xcassets */ = {isa = PBXFileReference; lastKnownFileType = folder.assetcatalog; path = Assets.xcassets; sourceTree = "<group>"; };
		D23C668B22A04C82003012DC /* Info.plist */ = {isa = PBXFileReference; lastKnownFileType = text.plist.xml; path = Info.plist; sourceTree = "<group>"; };
		D23C669722A04D91003012DC /* Main.storyboard */ = {isa = PBXFileReference; fileEncoding = 4; lastKnownFileType = file.storyboard; path = Main.storyboard; sourceTree = "<group>"; };
		D23C669822A04D91003012DC /* Detail.storyboard */ = {isa = PBXFileReference; fileEncoding = 4; lastKnownFileType = file.storyboard; path = Detail.storyboard; sourceTree = "<group>"; };
		D23C669B22A04D97003012DC /* SomeButton.swift */ = {isa = PBXFileReference; fileEncoding = 4; lastKnownFileType = sourcecode.swift; path = SomeButton.swift; sourceTree = "<group>"; };
		D23C669D22A04D9D003012DC /* LaunchScreen.storyboard */ = {isa = PBXFileReference; fileEncoding = 4; lastKnownFileType = file.storyboard; path = LaunchScreen.storyboard; sourceTree = "<group>"; };
		D23EA8D022A653B8003C197F /* SomeView.xib */ = {isa = PBXFileReference; lastKnownFileType = file.xib; path = SomeView.xib; sourceTree = "<group>"; };
		D23EA8D222A653C7003C197F /* SomeView.swift */ = {isa = PBXFileReference; lastKnownFileType = sourcecode.swift; path = SomeView.swift; sourceTree = "<group>"; };
		D2C613FC22AEE32D00AED82D /* TimerNavigationBarBehavior.swift */ = {isa = PBXFileReference; lastKnownFileType = sourcecode.swift; path = TimerNavigationBarBehavior.swift; sourceTree = "<group>"; };
		D2C613FE22AEE35E00AED82D /* BackgroundColorNavigationBarBehavior.swift */ = {isa = PBXFileReference; lastKnownFileType = sourcecode.swift; path = BackgroundColorNavigationBarBehavior.swift; sourceTree = "<group>"; };
		D2C6140022AEE36900AED82D /* StatusBarStyleNavigationBarBehavior.swift */ = {isa = PBXFileReference; lastKnownFileType = sourcecode.swift; path = StatusBarStyleNavigationBarBehavior.swift; sourceTree = "<group>"; };
		D2C6140322AEE3EE00AED82D /* StatusBarConfigurable.swift */ = {isa = PBXFileReference; lastKnownFileType = sourcecode.swift; path = StatusBarConfigurable.swift; sourceTree = "<group>"; };
		D2DFC29322A835F90002F074 /* BenchmarkController.swift */ = {isa = PBXFileReference; lastKnownFileType = sourcecode.swift; path = BenchmarkController.swift; sourceTree = "<group>"; };
		D2DFC29622A836510002F074 /* ViewControllerLifecycleBehavior.swift */ = {isa = PBXFileReference; fileEncoding = 4; lastKnownFileType = sourcecode.swift; path = ViewControllerLifecycleBehavior.swift; sourceTree = "<group>"; };
		D2DFC29822A838C50002F074 /* ProfileController.swift */ = {isa = PBXFileReference; lastKnownFileType = sourcecode.swift; path = ProfileController.swift; sourceTree = "<group>"; };
		D2DFC29A22A83BF80002F074 /* Feed3Controller.swift */ = {isa = PBXFileReference; lastKnownFileType = sourcecode.swift; path = Feed3Controller.swift; sourceTree = "<group>"; };
		D2DFC2A022A848670002F074 /* UISplitViewController+.swift */ = {isa = PBXFileReference; lastKnownFileType = sourcecode.swift; path = "UISplitViewController+.swift"; sourceTree = "<group>"; };
		D2DFC2A222A848740002F074 /* UINavigationController+.swift */ = {isa = PBXFileReference; lastKnownFileType = sourcecode.swift; path = "UINavigationController+.swift"; sourceTree = "<group>"; };
/* End PBXFileReference section */

/* Begin PBXFrameworksBuildPhase section */
		D23C667922A04C82003012DC /* Frameworks */ = {
			isa = PBXFrameworksBuildPhase;
			buildActionMask = 2147483647;
			files = (
			);
			runOnlyForDeploymentPostprocessing = 0;
		};
/* End PBXFrameworksBuildPhase section */

/* Begin PBXGroup section */
		D23C667322A04C82003012DC = {
			isa = PBXGroup;
			children = (
				D23C667E22A04C82003012DC /* Otus */,
				D23C667D22A04C82003012DC /* Products */,
			);
			sourceTree = "<group>";
		};
		D23C667D22A04C82003012DC /* Products */ = {
			isa = PBXGroup;
			children = (
				D23C667C22A04C82003012DC /* Otus.app */,
			);
			name = Products;
			sourceTree = "<group>";
		};
		D23C667E22A04C82003012DC /* Otus */ = {
			isa = PBXGroup;
			children = (
				D23C669122A04CB2003012DC /* ApplicationLayer */,
				D23C669222A04CBD003012DC /* PresentationLayer */,
				D23C669622A04CED003012DC /* Resources */,
				D23C669522A04CDE003012DC /* Supporting Files */,
			);
			path = Otus;
			sourceTree = "<group>";
		};
		D23C669122A04CB2003012DC /* ApplicationLayer */ = {
			isa = PBXGroup;
			children = (
				D23C667F22A04C82003012DC /* AppDelegate.swift */,
			);
			path = ApplicationLayer;
			sourceTree = "<group>";
		};
		D23C669222A04CBD003012DC /* PresentationLayer */ = {
			isa = PBXGroup;
			children = (
				D2DFC29522A8363C0002F074 /* Behaviors */,
				D2DFC29222A835AD0002F074 /* Controllers */,
				D2DFC29F22A848590002F074 /* Extensions */,
				D2C6140222AEE3E100AED82D /* Protocols */,
				D23C669422A04CCF003012DC /* Storyboards */,
				D23C669322A04CC6003012DC /* Views */,
			);
			path = PresentationLayer;
			sourceTree = "<group>";
		};
		D23C669322A04CC6003012DC /* Views */ = {
			isa = PBXGroup;
			children = (
				D23C669B22A04D97003012DC /* SomeButton.swift */,
				D23EA8D222A653C7003C197F /* SomeView.swift */,
				D23EA8D022A653B8003C197F /* SomeView.xib */,
			);
			path = Views;
			sourceTree = "<group>";
		};
		D23C669422A04CCF003012DC /* Storyboards */ = {
			isa = PBXGroup;
			children = (
				D23C669822A04D91003012DC /* Detail.storyboard */,
				D23C669722A04D91003012DC /* Main.storyboard */,
			);
			path = Storyboards;
			sourceTree = "<group>";
		};
		D23C669522A04CDE003012DC /* Supporting Files */ = {
			isa = PBXGroup;
			children = (
				D23C668B22A04C82003012DC /* Info.plist */,
			);
			path = "Supporting Files";
			sourceTree = "<group>";
		};
		D23C669622A04CED003012DC /* Resources */ = {
			isa = PBXGroup;
			children = (
				D23C668622A04C82003012DC /* Assets.xcassets */,
				D23C669D22A04D9D003012DC /* LaunchScreen.storyboard */,
			);
			path = Resources;
			sourceTree = "<group>";
		};
		D2C6140222AEE3E100AED82D /* Protocols */ = {
			isa = PBXGroup;
			children = (
				D2C6140322AEE3EE00AED82D /* StatusBarConfigurable.swift */,
			);
			path = Protocols;
			sourceTree = "<group>";
		};
		D2DFC29222A835AD0002F074 /* Controllers */ = {
			isa = PBXGroup;
			children = (
				D2DFC29322A835F90002F074 /* BenchmarkController.swift */,
				D2DFC29A22A83BF80002F074 /* Feed3Controller.swift */,
				D2DFC29822A838C50002F074 /* ProfileController.swift */,
			);
			path = Controllers;
			sourceTree = "<group>";
		};
		D2DFC29522A8363C0002F074 /* Behaviors */ = {
			isa = PBXGroup;
			children = (
				D2C613FE22AEE35E00AED82D /* BackgroundColorNavigationBarBehavior.swift */,
				D2C6140022AEE36900AED82D /* StatusBarStyleNavigationBarBehavior.swift */,
				D2C613FC22AEE32D00AED82D /* TimerNavigationBarBehavior.swift */,
				D2DFC29622A836510002F074 /* ViewControllerLifecycleBehavior.swift */,
			);
			path = Behaviors;
			sourceTree = "<group>";
		};
		D2DFC29F22A848590002F074 /* Extensions */ = {
			isa = PBXGroup;
			children = (
				D2DFC2A022A848670002F074 /* UISplitViewController+.swift */,
				D2DFC2A222A848740002F074 /* UINavigationController+.swift */,
			);
			path = Extensions;
			sourceTree = "<group>";
		};
/* End PBXGroup section */

/* Begin PBXNativeTarget section */
		D23C667B22A04C82003012DC /* Otus */ = {
			isa = PBXNativeTarget;
			buildConfigurationList = D23C668E22A04C82003012DC /* Build configuration list for PBXNativeTarget "Otus" */;
			buildPhases = (
				D23C667822A04C82003012DC /* Sources */,
				D23C667922A04C82003012DC /* Frameworks */,
				D23C667A22A04C82003012DC /* Resources */,
			);
			buildRules = (
			);
			dependencies = (
			);
			name = Otus;
			productName = Otus;
			productReference = D23C667C22A04C82003012DC /* Otus.app */;
			productType = "com.apple.product-type.application";
		};
/* End PBXNativeTarget section */

/* Begin PBXProject section */
		D23C667422A04C82003012DC /* Project object */ = {
			isa = PBXProject;
			attributes = {
				LastSwiftUpdateCheck = 1020;
				LastUpgradeCheck = 1020;
				ORGANIZATIONNAME = "Олег Иванов";
				TargetAttributes = {
					D23C667B22A04C82003012DC = {
						CreatedOnToolsVersion = 10.2.1;
					};
				};
			};
			buildConfigurationList = D23C667722A04C82003012DC /* Build configuration list for PBXProject "Otus" */;
			compatibilityVersion = "Xcode 9.3";
			developmentRegion = en;
			hasScannedForEncodings = 0;
			knownRegions = (
				en,
				Base,
			);
			mainGroup = D23C667322A04C82003012DC;
			productRefGroup = D23C667D22A04C82003012DC /* Products */;
			projectDirPath = "";
			projectRoot = "";
			targets = (
				D23C667B22A04C82003012DC /* Otus */,
			);
		};
/* End PBXProject section */

/* Begin PBXResourcesBuildPhase section */
		D23C667A22A04C82003012DC /* Resources */ = {
			isa = PBXResourcesBuildPhase;
			buildActionMask = 2147483647;
			files = (
				D23C668722A04C82003012DC /* Assets.xcassets in Resources */,
				D23C669E22A04D9D003012DC /* LaunchScreen.storyboard in Resources */,
				D23C669922A04D91003012DC /* Main.storyboard in Resources */,
				D23C669A22A04D91003012DC /* Detail.storyboard in Resources */,
				D23EA8D122A653B8003C197F /* SomeView.xib in Resources */,
			);
			runOnlyForDeploymentPostprocessing = 0;
		};
/* End PBXResourcesBuildPhase section */

/* Begin PBXSourcesBuildPhase section */
		D23C667822A04C82003012DC /* Sources */ = {
			isa = PBXSourcesBuildPhase;
			buildActionMask = 2147483647;
			files = (
				D23C668022A04C82003012DC /* AppDelegate.swift in Sources */,
				D23C669C22A04D97003012DC /* SomeButton.swift in Sources */,
				D2C613FF22AEE35E00AED82D /* BackgroundColorNavigationBarBehavior.swift in Sources */,
				D2DFC2A322A848740002F074 /* UINavigationController+.swift in Sources */,
				D23EA8D322A653C7003C197F /* SomeView.swift in Sources */,
				D2DFC2A122A848670002F074 /* UISplitViewController+.swift in Sources */,
				D2DFC29722A836510002F074 /* ViewControllerLifecycleBehavior.swift in Sources */,
				D2DFC29422A835F90002F074 /* BenchmarkController.swift in Sources */,
				D2C6140422AEE3EE00AED82D /* StatusBarConfigurable.swift in Sources */,
				D2DFC29922A838C50002F074 /* ProfileController.swift in Sources */,
				D2C613FD22AEE32D00AED82D /* TimerNavigationBarBehavior.swift in Sources */,
				D2DFC29B22A83BF80002F074 /* Feed3Controller.swift in Sources */,
				D2C6140122AEE36900AED82D /* StatusBarStyleNavigationBarBehavior.swift in Sources */,
			);
			runOnlyForDeploymentPostprocessing = 0;
		};
/* End PBXSourcesBuildPhase section */

/* Begin XCBuildConfiguration section */
		D23C668C22A04C82003012DC /* Debug */ = {
			isa = XCBuildConfiguration;
			buildSettings = {
				ALWAYS_SEARCH_USER_PATHS = NO;
				CLANG_ANALYZER_NONNULL = YES;
				CLANG_ANALYZER_NUMBER_OBJECT_CONVERSION = YES_AGGRESSIVE;
				CLANG_CXX_LANGUAGE_STANDARD = "gnu++14";
				CLANG_CXX_LIBRARY = "libc++";
				CLANG_ENABLE_MODULES = YES;
				CLANG_ENABLE_OBJC_ARC = YES;
				CLANG_ENABLE_OBJC_WEAK = YES;
				CLANG_WARN_BLOCK_CAPTURE_AUTORELEASING = YES;
				CLANG_WARN_BOOL_CONVERSION = YES;
				CLANG_WARN_COMMA = YES;
				CLANG_WARN_CONSTANT_CONVERSION = YES;
				CLANG_WARN_DEPRECATED_OBJC_IMPLEMENTATIONS = YES;
				CLANG_WARN_DIRECT_OBJC_ISA_USAGE = YES_ERROR;
				CLANG_WARN_DOCUMENTATION_COMMENTS = YES;
				CLANG_WARN_EMPTY_BODY = YES;
				CLANG_WARN_ENUM_CONVERSION = YES;
				CLANG_WARN_INFINITE_RECURSION = YES;
				CLANG_WARN_INT_CONVERSION = YES;
				CLANG_WARN_NON_LITERAL_NULL_CONVERSION = YES;
				CLANG_WARN_OBJC_IMPLICIT_RETAIN_SELF = YES;
				CLANG_WARN_OBJC_LITERAL_CONVERSION = YES;
				CLANG_WARN_OBJC_ROOT_CLASS = YES_ERROR;
				CLANG_WARN_RANGE_LOOP_ANALYSIS = YES;
				CLANG_WARN_STRICT_PROTOTYPES = YES;
				CLANG_WARN_SUSPICIOUS_MOVE = YES;
				CLANG_WARN_UNGUARDED_AVAILABILITY = YES_AGGRESSIVE;
				CLANG_WARN_UNREACHABLE_CODE = YES;
				CLANG_WARN__DUPLICATE_METHOD_MATCH = YES;
				CODE_SIGN_IDENTITY = "iPhone Developer";
				COPY_PHASE_STRIP = NO;
				DEBUG_INFORMATION_FORMAT = dwarf;
				ENABLE_STRICT_OBJC_MSGSEND = YES;
				ENABLE_TESTABILITY = YES;
				GCC_C_LANGUAGE_STANDARD = gnu11;
				GCC_DYNAMIC_NO_PIC = NO;
				GCC_NO_COMMON_BLOCKS = YES;
				GCC_OPTIMIZATION_LEVEL = 0;
				GCC_PREPROCESSOR_DEFINITIONS = (
					"DEBUG=1",
					"$(inherited)",
				);
				GCC_WARN_64_TO_32_BIT_CONVERSION = YES;
				GCC_WARN_ABOUT_RETURN_TYPE = YES_ERROR;
				GCC_WARN_UNDECLARED_SELECTOR = YES;
				GCC_WARN_UNINITIALIZED_AUTOS = YES_AGGRESSIVE;
				GCC_WARN_UNUSED_FUNCTION = YES;
				GCC_WARN_UNUSED_VARIABLE = YES;
				IPHONEOS_DEPLOYMENT_TARGET = 12.2;
				MTL_ENABLE_DEBUG_INFO = INCLUDE_SOURCE;
				MTL_FAST_MATH = YES;
				ONLY_ACTIVE_ARCH = YES;
				SDKROOT = iphoneos;
				SWIFT_ACTIVE_COMPILATION_CONDITIONS = DEBUG;
				SWIFT_OPTIMIZATION_LEVEL = "-Onone";
			};
			name = Debug;
		};
		D23C668D22A04C82003012DC /* Release */ = {
			isa = XCBuildConfiguration;
			buildSettings = {
				ALWAYS_SEARCH_USER_PATHS = NO;
				CLANG_ANALYZER_NONNULL = YES;
				CLANG_ANALYZER_NUMBER_OBJECT_CONVERSION = YES_AGGRESSIVE;
				CLANG_CXX_LANGUAGE_STANDARD = "gnu++14";
				CLANG_CXX_LIBRARY = "libc++";
				CLANG_ENABLE_MODULES = YES;
				CLANG_ENABLE_OBJC_ARC = YES;
				CLANG_ENABLE_OBJC_WEAK = YES;
				CLANG_WARN_BLOCK_CAPTURE_AUTORELEASING = YES;
				CLANG_WARN_BOOL_CONVERSION = YES;
				CLANG_WARN_COMMA = YES;
				CLANG_WARN_CONSTANT_CONVERSION = YES;
				CLANG_WARN_DEPRECATED_OBJC_IMPLEMENTATIONS = YES;
				CLANG_WARN_DIRECT_OBJC_ISA_USAGE = YES_ERROR;
				CLANG_WARN_DOCUMENTATION_COMMENTS = YES;
				CLANG_WARN_EMPTY_BODY = YES;
				CLANG_WARN_ENUM_CONVERSION = YES;
				CLANG_WARN_INFINITE_RECURSION = YES;
				CLANG_WARN_INT_CONVERSION = YES;
				CLANG_WARN_NON_LITERAL_NULL_CONVERSION = YES;
				CLANG_WARN_OBJC_IMPLICIT_RETAIN_SELF = YES;
				CLANG_WARN_OBJC_LITERAL_CONVERSION = YES;
				CLANG_WARN_OBJC_ROOT_CLASS = YES_ERROR;
				CLANG_WARN_RANGE_LOOP_ANALYSIS = YES;
				CLANG_WARN_STRICT_PROTOTYPES = YES;
				CLANG_WARN_SUSPICIOUS_MOVE = YES;
				CLANG_WARN_UNGUARDED_AVAILABILITY = YES_AGGRESSIVE;
				CLANG_WARN_UNREACHABLE_CODE = YES;
				CLANG_WARN__DUPLICATE_METHOD_MATCH = YES;
				CODE_SIGN_IDENTITY = "iPhone Developer";
				COPY_PHASE_STRIP = NO;
				DEBUG_INFORMATION_FORMAT = "dwarf-with-dsym";
				ENABLE_NS_ASSERTIONS = NO;
				ENABLE_STRICT_OBJC_MSGSEND = YES;
				GCC_C_LANGUAGE_STANDARD = gnu11;
				GCC_NO_COMMON_BLOCKS = YES;
				GCC_WARN_64_TO_32_BIT_CONVERSION = YES;
				GCC_WARN_ABOUT_RETURN_TYPE = YES_ERROR;
				GCC_WARN_UNDECLARED_SELECTOR = YES;
				GCC_WARN_UNINITIALIZED_AUTOS = YES_AGGRESSIVE;
				GCC_WARN_UNUSED_FUNCTION = YES;
				GCC_WARN_UNUSED_VARIABLE = YES;
				IPHONEOS_DEPLOYMENT_TARGET = 12.2;
				MTL_ENABLE_DEBUG_INFO = NO;
				MTL_FAST_MATH = YES;
				SDKROOT = iphoneos;
				SWIFT_COMPILATION_MODE = wholemodule;
				SWIFT_OPTIMIZATION_LEVEL = "-O";
				VALIDATE_PRODUCT = YES;
			};
			name = Release;
		};
		D23C668F22A04C82003012DC /* Debug */ = {
			isa = XCBuildConfiguration;
			buildSettings = {
				ASSETCATALOG_COMPILER_APPICON_NAME = AppIcon;
				CODE_SIGN_STYLE = Automatic;
				INFOPLIST_FILE = "Otus/Supporting Files/Info.plist";
				LD_RUNPATH_SEARCH_PATHS = (
					"$(inherited)",
					"@executable_path/Frameworks",
				);
				PRODUCT_BUNDLE_IDENTIFIER = ru.Otus;
				PRODUCT_NAME = "$(TARGET_NAME)";
				SWIFT_VERSION = 5.0;
				TARGETED_DEVICE_FAMILY = "1,2";
			};
			name = Debug;
		};
		D23C669022A04C82003012DC /* Release */ = {
			isa = XCBuildConfiguration;
			buildSettings = {
				ASSETCATALOG_COMPILER_APPICON_NAME = AppIcon;
				CODE_SIGN_STYLE = Automatic;
				INFOPLIST_FILE = "Otus/Supporting Files/Info.plist";
				LD_RUNPATH_SEARCH_PATHS = (
					"$(inherited)",
					"@executable_path/Frameworks",
				);
				PRODUCT_BUNDLE_IDENTIFIER = ru.Otus;
				PRODUCT_NAME = "$(TARGET_NAME)";
				SWIFT_VERSION = 5.0;
				TARGETED_DEVICE_FAMILY = "1,2";
			};
			name = Release;
		};
/* End XCBuildConfiguration section */

/* Begin XCConfigurationList section */
		D23C667722A04C82003012DC /* Build configuration list for PBXProject "Otus" */ = {
			isa = XCConfigurationList;
			buildConfigurations = (
				D23C668C22A04C82003012DC /* Debug */,
				D23C668D22A04C82003012DC /* Release */,
			);
			defaultConfigurationIsVisible = 0;
			defaultConfigurationName = Release;
		};
		D23C668E22A04C82003012DC /* Build configuration list for PBXNativeTarget "Otus" */ = {
			isa = XCConfigurationList;
			buildConfigurations = (
				D23C668F22A04C82003012DC /* Debug */,
				D23C669022A04C82003012DC /* Release */,
			);
			defaultConfigurationIsVisible = 0;
			defaultConfigurationName = Release;
		};
/* End XCConfigurationList section */
	};
	rootObject = D23C667422A04C82003012DC /* Project object */;
}
